// !$*UTF8*$!
{
	archiveVersion = 1;
	classes = {
	};
	objectVersion = 50;
	objects = {

/* Begin PBXBuildFile section */
		171C85612619B9EB000BDB18 /* UISwitch+Publisher.swift in Sources */ = {isa = PBXBuildFile; fileRef = 171C85602619B9EB000BDB18 /* UISwitch+Publisher.swift */; };
		171C85642619BEE0000BDB18 /* UIKeyboard publisher.swift in Sources */ = {isa = PBXBuildFile; fileRef = 171C85632619BEE0000BDB18 /* UIKeyboard publisher.swift */; };
		171C85672619BEFD000BDB18 /* UIScrollView+Publisher.swift in Sources */ = {isa = PBXBuildFile; fileRef = 171C85662619BEFD000BDB18 /* UIScrollView+Publisher.swift */; };
		171C856A2619C04D000BDB18 /* ScrollTestViewController.swift in Sources */ = {isa = PBXBuildFile; fileRef = 171C85692619C04D000BDB18 /* ScrollTestViewController.swift */; };
		171C856E261A0A01000BDB18 /* Screenshot SwiftUI.png in Resources */ = {isa = PBXBuildFile; fileRef = 171C856D261A0A01000BDB18 /* Screenshot SwiftUI.png */; };
		171C8571261A0A07000BDB18 /* Screenshot UIkit.png in Resources */ = {isa = PBXBuildFile; fileRef = 171C8570261A0A07000BDB18 /* Screenshot UIkit.png */; };
		17713E4026121A800046A613 /* AppDelegate.swift in Sources */ = {isa = PBXBuildFile; fileRef = 17713E3F26121A800046A613 /* AppDelegate.swift */; };
		17713E4226121A800046A613 /* SceneDelegate.swift in Sources */ = {isa = PBXBuildFile; fileRef = 17713E4126121A800046A613 /* SceneDelegate.swift */; };
		17713E4426121A800046A613 /* ContentView.swift in Sources */ = {isa = PBXBuildFile; fileRef = 17713E4326121A800046A613 /* ContentView.swift */; };
		17713E4626121A820046A613 /* Assets.xcassets in Resources */ = {isa = PBXBuildFile; fileRef = 17713E4526121A820046A613 /* Assets.xcassets */; };
		17713E4926121A820046A613 /* Preview Assets.xcassets in Resources */ = {isa = PBXBuildFile; fileRef = 17713E4826121A820046A613 /* Preview Assets.xcassets */; };
		17713E4C26121A820046A613 /* LaunchScreen.storyboard in Resources */ = {isa = PBXBuildFile; fileRef = 17713E4A26121A820046A613 /* LaunchScreen.storyboard */; };
		17713E5726121D100046A613 /* UITextField+Publisher.swift in Sources */ = {isa = PBXBuildFile; fileRef = 17713E5626121D100046A613 /* UITextField+Publisher.swift */; };
		17713E5C26121E300046A613 /* TextViewController.swift in Sources */ = {isa = PBXBuildFile; fileRef = 17713E5A26121E300046A613 /* TextViewController.swift */; };
		17713E5D26121E300046A613 /* TextViewController.xib in Resources */ = {isa = PBXBuildFile; fileRef = 17713E5B26121E300046A613 /* TextViewController.xib */; };
		17713E642612205F0046A613 /* UIControl+Publisher.swift in Sources */ = {isa = PBXBuildFile; fileRef = 17713E632612205F0046A613 /* UIControl+Publisher.swift */; };
		17713E67261220860046A613 /* UIButton+Publisher.swift in Sources */ = {isa = PBXBuildFile; fileRef = 17713E66261220860046A613 /* UIButton+Publisher.swift */; };
		17713E6B261223A20046A613 /* SliderViewController.swift in Sources */ = {isa = PBXBuildFile; fileRef = 17713E69261223A20046A613 /* SliderViewController.swift */; };
		17713E6C261223A20046A613 /* SliderViewController.xib in Resources */ = {isa = PBXBuildFile; fileRef = 17713E6A261223A20046A613 /* SliderViewController.xib */; };
		17713E6F261224430046A613 /* UISlider+Publisher.swift in Sources */ = {isa = PBXBuildFile; fileRef = 17713E6E261224430046A613 /* UISlider+Publisher.swift */; };
/* End PBXBuildFile section */

/* Begin PBXFileReference section */
		171C85602619B9EB000BDB18 /* UISwitch+Publisher.swift */ = {isa = PBXFileReference; fileEncoding = 4; lastKnownFileType = sourcecode.swift; path = "UISwitch+Publisher.swift"; sourceTree = "<group>"; };
		171C85632619BEE0000BDB18 /* UIKeyboard publisher.swift */ = {isa = PBXFileReference; fileEncoding = 4; lastKnownFileType = sourcecode.swift; path = "UIKeyboard publisher.swift"; sourceTree = "<group>"; };
		171C85662619BEFD000BDB18 /* UIScrollView+Publisher.swift */ = {isa = PBXFileReference; lastKnownFileType = sourcecode.swift; path = "UIScrollView+Publisher.swift"; sourceTree = "<group>"; };
		171C85692619C04D000BDB18 /* ScrollTestViewController.swift */ = {isa = PBXFileReference; lastKnownFileType = sourcecode.swift; path = ScrollTestViewController.swift; sourceTree = "<group>"; };
		171C856D261A0A01000BDB18 /* Screenshot SwiftUI.png */ = {isa = PBXFileReference; lastKnownFileType = image.png; path = "Screenshot SwiftUI.png"; sourceTree = "<group>"; };
		171C8570261A0A07000BDB18 /* Screenshot UIkit.png */ = {isa = PBXFileReference; lastKnownFileType = image.png; path = "Screenshot UIkit.png"; sourceTree = "<group>"; };
		17713E3C26121A800046A613 /* DataFlowProject.app */ = {isa = PBXFileReference; explicitFileType = wrapper.application; includeInIndex = 0; path = DataFlowProject.app; sourceTree = BUILT_PRODUCTS_DIR; };
		17713E3F26121A800046A613 /* AppDelegate.swift */ = {isa = PBXFileReference; lastKnownFileType = sourcecode.swift; path = AppDelegate.swift; sourceTree = "<group>"; };
		17713E4126121A800046A613 /* SceneDelegate.swift */ = {isa = PBXFileReference; lastKnownFileType = sourcecode.swift; path = SceneDelegate.swift; sourceTree = "<group>"; };
		17713E4326121A800046A613 /* ContentView.swift */ = {isa = PBXFileReference; lastKnownFileType = sourcecode.swift; path = ContentView.swift; sourceTree = "<group>"; };
		17713E4526121A820046A613 /* Assets.xcassets */ = {isa = PBXFileReference; lastKnownFileType = folder.assetcatalog; path = Assets.xcassets; sourceTree = "<group>"; };
		17713E4826121A820046A613 /* Preview Assets.xcassets */ = {isa = PBXFileReference; lastKnownFileType = folder.assetcatalog; path = "Preview Assets.xcassets"; sourceTree = "<group>"; };
		17713E4B26121A820046A613 /* Base */ = {isa = PBXFileReference; lastKnownFileType = file.storyboard; name = Base; path = Base.lproj/LaunchScreen.storyboard; sourceTree = "<group>"; };
		17713E4D26121A820046A613 /* Info.plist */ = {isa = PBXFileReference; lastKnownFileType = text.plist.xml; path = Info.plist; sourceTree = "<group>"; };
		17713E5626121D100046A613 /* UITextField+Publisher.swift */ = {isa = PBXFileReference; lastKnownFileType = sourcecode.swift; path = "UITextField+Publisher.swift"; sourceTree = "<group>"; };
		17713E5A26121E300046A613 /* TextViewController.swift */ = {isa = PBXFileReference; lastKnownFileType = sourcecode.swift; path = TextViewController.swift; sourceTree = "<group>"; };
		17713E5B26121E300046A613 /* TextViewController.xib */ = {isa = PBXFileReference; lastKnownFileType = file.xib; path = TextViewController.xib; sourceTree = "<group>"; };
		17713E632612205F0046A613 /* UIControl+Publisher.swift */ = {isa = PBXFileReference; fileEncoding = 4; lastKnownFileType = sourcecode.swift; path = "UIControl+Publisher.swift"; sourceTree = "<group>"; };
		17713E66261220860046A613 /* UIButton+Publisher.swift */ = {isa = PBXFileReference; lastKnownFileType = sourcecode.swift; path = "UIButton+Publisher.swift"; sourceTree = "<group>"; };
		17713E69261223A20046A613 /* SliderViewController.swift */ = {isa = PBXFileReference; lastKnownFileType = sourcecode.swift; path = SliderViewController.swift; sourceTree = "<group>"; };
		17713E6A261223A20046A613 /* SliderViewController.xib */ = {isa = PBXFileReference; lastKnownFileType = file.xib; path = SliderViewController.xib; sourceTree = "<group>"; };
		17713E6E261224430046A613 /* UISlider+Publisher.swift */ = {isa = PBXFileReference; lastKnownFileType = sourcecode.swift; path = "UISlider+Publisher.swift"; sourceTree = "<group>"; };
/* End PBXFileReference section */

/* Begin PBXFrameworksBuildPhase section */
		17713E3926121A800046A613 /* Frameworks */ = {
			isa = PBXFrameworksBuildPhase;
			buildActionMask = 2147483647;
			files = (
			);
			runOnlyForDeploymentPostprocessing = 0;
		};
/* End PBXFrameworksBuildPhase section */

/* Begin PBXGroup section */
		171C855A2619B88A000BDB18 /* UIKit publisher helpers */ = {
			isa = PBXGroup;
			children = (
				17713E632612205F0046A613 /* UIControl+Publisher.swift */,
				17713E5626121D100046A613 /* UITextField+Publisher.swift */,
				17713E66261220860046A613 /* UIButton+Publisher.swift */,
				17713E6E261224430046A613 /* UISlider+Publisher.swift */,
				171C85602619B9EB000BDB18 /* UISwitch+Publisher.swift */,
				171C85632619BEE0000BDB18 /* UIKeyboard publisher.swift */,
				171C85662619BEFD000BDB18 /* UIScrollView+Publisher.swift */,
			);
			path = "UIKit publisher helpers";
			sourceTree = "<group>";
		};
		171C856C261A09AE000BDB18 /* images */ = {
			isa = PBXGroup;
			children = (
				171C856D261A0A01000BDB18 /* Screenshot SwiftUI.png */,
				171C8570261A0A07000BDB18 /* Screenshot UIkit.png */,
			);
			path = images;
			sourceTree = "<group>";
		};
		17713E3326121A800046A613 = {
			isa = PBXGroup;
			children = (
				171C856C261A09AE000BDB18 /* images */,
				17713E3E26121A800046A613 /* DataFlowProject */,
				17713E3D26121A800046A613 /* Products */,
			);
			sourceTree = "<group>";
		};
		17713E3D26121A800046A613 /* Products */ = {
			isa = PBXGroup;
			children = (
				17713E3C26121A800046A613 /* DataFlowProject.app */,
			);
			name = Products;
			sourceTree = "<group>";
		};
		17713E3E26121A800046A613 /* DataFlowProject */ = {
			isa = PBXGroup;
			children = (
				17713E3F26121A800046A613 /* AppDelegate.swift */,
				17713E4126121A800046A613 /* SceneDelegate.swift */,
				17713E5526121CE00046A613 /* swiftui */,
				17713E5426121CD50046A613 /* UIKit 2 way binding */,
				171C855A2619B88A000BDB18 /* UIKit publisher helpers */,
				17713E4A26121A820046A613 /* LaunchScreen.storyboard */,
				17713E4526121A820046A613 /* Assets.xcassets */,
				17713E4D26121A820046A613 /* Info.plist */,
				17713E4726121A820046A613 /* Preview Content */,
			);
			path = DataFlowProject;
			sourceTree = "<group>";
		};
		17713E4726121A820046A613 /* Preview Content */ = {
			isa = PBXGroup;
			children = (
				17713E4826121A820046A613 /* Preview Assets.xcassets */,
			);
			path = "Preview Content";
			sourceTree = "<group>";
		};
		17713E5426121CD50046A613 /* UIKit 2 way binding */ = {
			isa = PBXGroup;
			children = (
				17713E5A26121E300046A613 /* TextViewController.swift */,
				17713E5B26121E300046A613 /* TextViewController.xib */,
				17713E69261223A20046A613 /* SliderViewController.swift */,
				17713E6A261223A20046A613 /* SliderViewController.xib */,
				171C85692619C04D000BDB18 /* ScrollTestViewController.swift */,
			);
			path = "UIKit 2 way binding";
			sourceTree = "<group>";
		};
		17713E5526121CE00046A613 /* swiftui */ = {
			isa = PBXGroup;
			children = (
				17713E4326121A800046A613 /* ContentView.swift */,
			);
			path = swiftui;
			sourceTree = "<group>";
		};
/* End PBXGroup section */

/* Begin PBXNativeTarget section */
		17713E3B26121A800046A613 /* DataFlowProject */ = {
			isa = PBXNativeTarget;
			buildConfigurationList = 17713E5026121A820046A613 /* Build configuration list for PBXNativeTarget "DataFlowProject" */;
			buildPhases = (
				17713E3826121A800046A613 /* Sources */,
				17713E3926121A800046A613 /* Frameworks */,
				17713E3A26121A800046A613 /* Resources */,
			);
			buildRules = (
			);
			dependencies = (
			);
			name = DataFlowProject;
			productName = DataFlowProject;
			productReference = 17713E3C26121A800046A613 /* DataFlowProject.app */;
			productType = "com.apple.product-type.application";
		};
/* End PBXNativeTarget section */

/* Begin PBXProject section */
		17713E3426121A800046A613 /* Project object */ = {
			isa = PBXProject;
			attributes = {
				LastSwiftUpdateCheck = 1240;
				LastUpgradeCheck = 1240;
				TargetAttributes = {
					17713E3B26121A800046A613 = {
						CreatedOnToolsVersion = 12.4;
					};
				};
			};
			buildConfigurationList = 17713E3726121A800046A613 /* Build configuration list for PBXProject "DataFlowProject" */;
			compatibilityVersion = "Xcode 9.3";
			developmentRegion = en;
			hasScannedForEncodings = 0;
			knownRegions = (
				en,
				Base,
			);
			mainGroup = 17713E3326121A800046A613;
			productRefGroup = 17713E3D26121A800046A613 /* Products */;
			projectDirPath = "";
			projectRoot = "";
			targets = (
				17713E3B26121A800046A613 /* DataFlowProject */,
			);
		};
/* End PBXProject section */

/* Begin PBXResourcesBuildPhase section */
		17713E3A26121A800046A613 /* Resources */ = {
			isa = PBXResourcesBuildPhase;
			buildActionMask = 2147483647;
			files = (
				17713E4C26121A820046A613 /* LaunchScreen.storyboard in Resources */,
				171C856E261A0A01000BDB18 /* Screenshot SwiftUI.png in Resources */,
				171C8571261A0A07000BDB18 /* Screenshot UIkit.png in Resources */,
				17713E4926121A820046A613 /* Preview Assets.xcassets in Resources */,
				17713E6C261223A20046A613 /* SliderViewController.xib in Resources */,
				17713E4626121A820046A613 /* Assets.xcassets in Resources */,
				17713E5D26121E300046A613 /* TextViewController.xib in Resources */,
			);
			runOnlyForDeploymentPostprocessing = 0;
		};
/* End PBXResourcesBuildPhase section */

/* Begin PBXSourcesBuildPhase section */
		17713E3826121A800046A613 /* Sources */ = {
			isa = PBXSourcesBuildPhase;
			buildActionMask = 2147483647;
			files = (
				17713E642612205F0046A613 /* UIControl+Publisher.swift in Sources */,
				17713E5C26121E300046A613 /* TextViewController.swift in Sources */,
				17713E4026121A800046A613 /* AppDelegate.swift in Sources */,
				17713E6F261224430046A613 /* UISlider+Publisher.swift in Sources */,
				171C85672619BEFD000BDB18 /* UIScrollView+Publisher.swift in Sources */,
				171C85612619B9EB000BDB18 /* UISwitch+Publisher.swift in Sources */,
				171C85642619BEE0000BDB18 /* UIKeyboard publisher.swift in Sources */,
				17713E67261220860046A613 /* UIButton+Publisher.swift in Sources */,
				17713E4226121A800046A613 /* SceneDelegate.swift in Sources */,
				17713E5726121D100046A613 /* UITextField+Publisher.swift in Sources */,
				17713E4426121A800046A613 /* ContentView.swift in Sources */,
				17713E6B261223A20046A613 /* SliderViewController.swift in Sources */,
				171C856A2619C04D000BDB18 /* ScrollTestViewController.swift in Sources */,
			);
			runOnlyForDeploymentPostprocessing = 0;
		};
/* End PBXSourcesBuildPhase section */

/* Begin PBXVariantGroup section */
		17713E4A26121A820046A613 /* LaunchScreen.storyboard */ = {
			isa = PBXVariantGroup;
			children = (
				17713E4B26121A820046A613 /* Base */,
			);
			name = LaunchScreen.storyboard;
			sourceTree = "<group>";
		};
/* End PBXVariantGroup section */

/* Begin XCBuildConfiguration section */
		17713E4E26121A820046A613 /* Debug */ = {
			isa = XCBuildConfiguration;
			buildSettings = {
				ALWAYS_SEARCH_USER_PATHS = NO;
				CLANG_ANALYZER_NONNULL = YES;
				CLANG_ANALYZER_NUMBER_OBJECT_CONVERSION = YES_AGGRESSIVE;
				CLANG_CXX_LANGUAGE_STANDARD = "gnu++14";
				CLANG_CXX_LIBRARY = "libc++";
				CLANG_ENABLE_MODULES = YES;
				CLANG_ENABLE_OBJC_ARC = YES;
				CLANG_ENABLE_OBJC_WEAK = YES;
				CLANG_WARN_BLOCK_CAPTURE_AUTORELEASING = YES;
				CLANG_WARN_BOOL_CONVERSION = YES;
				CLANG_WARN_COMMA = YES;
				CLANG_WARN_CONSTANT_CONVERSION = YES;
				CLANG_WARN_DEPRECATED_OBJC_IMPLEMENTATIONS = YES;
				CLANG_WARN_DIRECT_OBJC_ISA_USAGE = YES_ERROR;
				CLANG_WARN_DOCUMENTATION_COMMENTS = YES;
				CLANG_WARN_EMPTY_BODY = YES;
				CLANG_WARN_ENUM_CONVERSION = YES;
				CLANG_WARN_INFINITE_RECURSION = YES;
				CLANG_WARN_INT_CONVERSION = YES;
				CLANG_WARN_NON_LITERAL_NULL_CONVERSION = YES;
				CLANG_WARN_OBJC_IMPLICIT_RETAIN_SELF = YES;
				CLANG_WARN_OBJC_LITERAL_CONVERSION = YES;
				CLANG_WARN_OBJC_ROOT_CLASS = YES_ERROR;
				CLANG_WARN_QUOTED_INCLUDE_IN_FRAMEWORK_HEADER = YES;
				CLANG_WARN_RANGE_LOOP_ANALYSIS = YES;
				CLANG_WARN_STRICT_PROTOTYPES = YES;
				CLANG_WARN_SUSPICIOUS_MOVE = YES;
				CLANG_WARN_UNGUARDED_AVAILABILITY = YES_AGGRESSIVE;
				CLANG_WARN_UNREACHABLE_CODE = YES;
				CLANG_WARN__DUPLICATE_METHOD_MATCH = YES;
				COPY_PHASE_STRIP = NO;
				DEBUG_INFORMATION_FORMAT = dwarf;
				ENABLE_STRICT_OBJC_MSGSEND = YES;
				ENABLE_TESTABILITY = YES;
				GCC_C_LANGUAGE_STANDARD = gnu11;
				GCC_DYNAMIC_NO_PIC = NO;
				GCC_NO_COMMON_BLOCKS = YES;
				GCC_OPTIMIZATION_LEVEL = 0;
				GCC_PREPROCESSOR_DEFINITIONS = (
					"DEBUG=1",
					"$(inherited)",
				);
				GCC_WARN_64_TO_32_BIT_CONVERSION = YES;
				GCC_WARN_ABOUT_RETURN_TYPE = YES_ERROR;
				GCC_WARN_UNDECLARED_SELECTOR = YES;
				GCC_WARN_UNINITIALIZED_AUTOS = YES_AGGRESSIVE;
				GCC_WARN_UNUSED_FUNCTION = YES;
				GCC_WARN_UNUSED_VARIABLE = YES;
				IPHONEOS_DEPLOYMENT_TARGET = 14.4;
				MTL_ENABLE_DEBUG_INFO = INCLUDE_SOURCE;
				MTL_FAST_MATH = YES;
				ONLY_ACTIVE_ARCH = YES;
				SDKROOT = iphoneos;
				SWIFT_ACTIVE_COMPILATION_CONDITIONS = DEBUG;
				SWIFT_OPTIMIZATION_LEVEL = "-Onone";
			};
			name = Debug;
		};
		17713E4F26121A820046A613 /* Release */ = {
			isa = XCBuildConfiguration;
			buildSettings = {
				ALWAYS_SEARCH_USER_PATHS = NO;
				CLANG_ANALYZER_NONNULL = YES;
				CLANG_ANALYZER_NUMBER_OBJECT_CONVERSION = YES_AGGRESSIVE;
				CLANG_CXX_LANGUAGE_STANDARD = "gnu++14";
				CLANG_CXX_LIBRARY = "libc++";
				CLANG_ENABLE_MODULES = YES;
				CLANG_ENABLE_OBJC_ARC = YES;
				CLANG_ENABLE_OBJC_WEAK = YES;
				CLANG_WARN_BLOCK_CAPTURE_AUTORELEASING = YES;
				CLANG_WARN_BOOL_CONVERSION = YES;
				CLANG_WARN_COMMA = YES;
				CLANG_WARN_CONSTANT_CONVERSION = YES;
				CLANG_WARN_DEPRECATED_OBJC_IMPLEMENTATIONS = YES;
				CLANG_WARN_DIRECT_OBJC_ISA_USAGE = YES_ERROR;
				CLANG_WARN_DOCUMENTATION_COMMENTS = YES;
				CLANG_WARN_EMPTY_BODY = YES;
				CLANG_WARN_ENUM_CONVERSION = YES;
				CLANG_WARN_INFINITE_RECURSION = YES;
				CLANG_WARN_INT_CONVERSION = YES;
				CLANG_WARN_NON_LITERAL_NULL_CONVERSION = YES;
				CLANG_WARN_OBJC_IMPLICIT_RETAIN_SELF = YES;
				CLANG_WARN_OBJC_LITERAL_CONVERSION = YES;
				CLANG_WARN_OBJC_ROOT_CLASS = YES_ERROR;
				CLANG_WARN_QUOTED_INCLUDE_IN_FRAMEWORK_HEADER = YES;
				CLANG_WARN_RANGE_LOOP_ANALYSIS = YES;
				CLANG_WARN_STRICT_PROTOTYPES = YES;
				CLANG_WARN_SUSPICIOUS_MOVE = YES;
				CLANG_WARN_UNGUARDED_AVAILABILITY = YES_AGGRESSIVE;
				CLANG_WARN_UNREACHABLE_CODE = YES;
				CLANG_WARN__DUPLICATE_METHOD_MATCH = YES;
				COPY_PHASE_STRIP = NO;
				DEBUG_INFORMATION_FORMAT = "dwarf-with-dsym";
				ENABLE_NS_ASSERTIONS = NO;
				ENABLE_STRICT_OBJC_MSGSEND = YES;
				GCC_C_LANGUAGE_STANDARD = gnu11;
				GCC_NO_COMMON_BLOCKS = YES;
				GCC_WARN_64_TO_32_BIT_CONVERSION = YES;
				GCC_WARN_ABOUT_RETURN_TYPE = YES_ERROR;
				GCC_WARN_UNDECLARED_SELECTOR = YES;
				GCC_WARN_UNINITIALIZED_AUTOS = YES_AGGRESSIVE;
				GCC_WARN_UNUSED_FUNCTION = YES;
				GCC_WARN_UNUSED_VARIABLE = YES;
				IPHONEOS_DEPLOYMENT_TARGET = 14.4;
				MTL_ENABLE_DEBUG_INFO = NO;
				MTL_FAST_MATH = YES;
				SDKROOT = iphoneos;
				SWIFT_COMPILATION_MODE = wholemodule;
				SWIFT_OPTIMIZATION_LEVEL = "-O";
				VALIDATE_PRODUCT = YES;
			};
			name = Release;
		};
		17713E5126121A820046A613 /* Debug */ = {
			isa = XCBuildConfiguration;
			buildSettings = {
				ASSETCATALOG_COMPILER_APPICON_NAME = AppIcon;
				ASSETCATALOG_COMPILER_GLOBAL_ACCENT_COLOR_NAME = AccentColor;
				CODE_SIGN_STYLE = Automatic;
				DEVELOPMENT_ASSET_PATHS = "\"DataFlowProject/Preview Content\"";
				ENABLE_PREVIEWS = YES;
				INFOPLIST_FILE = DataFlowProject/Info.plist;
				LD_RUNPATH_SEARCH_PATHS = (
					"$(inherited)",
					"@executable_path/Frameworks",
				);
				PRODUCT_BUNDLE_IDENTIFIER = com.karinprater.DataFlowProject;
				PRODUCT_NAME = "$(TARGET_NAME)";
				SWIFT_VERSION = 5.0;
				TARGETED_DEVICE_FAMILY = "1,2";
			};
			name = Debug;
		};
		17713E5226121A820046A613 /* Release */ = {
			isa = XCBuildConfiguration;
			buildSettings = {
				ASSETCATALOG_COMPILER_APPICON_NAME = AppIcon;
				ASSETCATALOG_COMPILER_GLOBAL_ACCENT_COLOR_NAME = AccentColor;
				CODE_SIGN_STYLE = Automatic;
				DEVELOPMENT_ASSET_PATHS = "\"DataFlowProject/Preview Content\"";
				ENABLE_PREVIEWS = YES;
				INFOPLIST_FILE = DataFlowProject/Info.plist;
				LD_RUNPATH_SEARCH_PATHS = (
					"$(inherited)",
					"@executable_path/Frameworks",
				);
				PRODUCT_BUNDLE_IDENTIFIER = com.karinprater.DataFlowProject;
				PRODUCT_NAME = "$(TARGET_NAME)";
				SWIFT_VERSION = 5.0;
				TARGETED_DEVICE_FAMILY = "1,2";
			};
			name = Release;
		};
/* End XCBuildConfiguration section */

/* Begin XCConfigurationList section */
		17713E3726121A800046A613 /* Build configuration list for PBXProject "DataFlowProject" */ = {
			isa = XCConfigurationList;
			buildConfigurations = (
				17713E4E26121A820046A613 /* Debug */,
				17713E4F26121A820046A613 /* Release */,
			);
			defaultConfigurationIsVisible = 0;
			defaultConfigurationName = Release;
		};
		17713E5026121A820046A613 /* Build configuration list for PBXNativeTarget "DataFlowProject" */ = {
			isa = XCConfigurationList;
			buildConfigurations = (
				17713E5126121A820046A613 /* Debug */,
				17713E5226121A820046A613 /* Release */,
			);
			defaultConfigurationIsVisible = 0;
			defaultConfigurationName = Release;
		};
/* End XCConfigurationList section */
	};
	rootObject = 17713E3426121A800046A613 /* Project object */;
}
